<?xml version="1.0" encoding="utf-8"?>
<Project ToolsVersion="4.0" xmlns="http://schemas.microsoft.com/developer/msbuild/2003">
  <ItemGroup>
    <ClCompile Include="Logger.cpp">
      <Filter>logger</Filter>
    </ClCompile>
    <ClCompile Include="memory\module.cpp">
      <Filter>memory</Filter>
    </ClCompile>
    <ClCompile Include="memory\range.cpp">
      <Filter>memory</Filter>
    </ClCompile>
    <ClCompile Include="memory\pattern_batch.cpp">
      <Filter>memory</Filter>
    </ClCompile>
    <ClCompile Include="memory\pattern.cpp">
      <Filter>memory</Filter>
    </ClCompile>
    <ClCompile Include="dinput8.cpp" />
  </ItemGroup>
  <ItemGroup>
    <ClInclude Include="Logger.hpp">
      <Filter>logger</Filter>
    </ClInclude>
    <ClInclude Include="memory\all.hpp" />
    <ClInclude Include="memory\fwddec.hpp">
      <Filter>memory</Filter>
    </ClInclude>
    <ClInclude Include="memory\handle.hpp">
      <Filter>memory</Filter>
    </ClInclude>
    <ClInclude Include="memory\module.hpp">
      <Filter>memory</Filter>
    </ClInclude>
    <ClInclude Include="memory\range.hpp">
      <Filter>memory</Filter>
    </ClInclude>
    <ClInclude Include="memory\pattern_batch.hpp">
      <Filter>memory</Filter>
    </ClInclude>
    <ClInclude Include="memory\pattern.hpp">
      <Filter>memory</Filter>
    </ClInclude>
    <ClInclude Include="common.hpp" />
  </ItemGroup>
  <ItemGroup>
    <None Include="packages.config" />
    <None Include="dinput8.def" />
  </ItemGroup>
  <ItemGroup>
    <Filter Include="logger">
      <UniqueIdentifier>{8f54a7b2-f07c-4896-a21e-296583a1c84e}</UniqueIdentifier>
    </Filter>
    <Filter Include="memory">
      <UniqueIdentifier>{c20b8100-0163-4cdc-8f45-fd3e585d00a7}</UniqueIdentifier>
    </Filter>
  </ItemGroup>
</Project>